
Microsoft Visual Studio Solution File, Format Version 12.00
# Visual Studio 14
VisualStudioVersion = 14.0.25123.0
MinimumVisualStudioVersion = 10.0.40219.1
Project("{FAE04EC0-301F-11D3-BF4B-00C04F79EFBC}") = "IEEETalks.Core", "IEEETalks.Core\IEEETalks.Core.csproj", "{C894B274-294C-4B0D-91F1-1766D7BAD8C8}"
EndProject
Project("{2150E333-8FDC-42A3-9474-1A3956D46DE8}") = "Domain", "Domain", "{FB8BAFC9-D94D-40B8-B5E5-0A5B3EA07FC7}"
EndProject
Project("{2150E333-8FDC-42A3-9474-1A3956D46DE8}") = "Common", "Common", "{C9E3AC28-9FA6-4241-98EA-F3A7C4317D5F}"
EndProject
Project("{2150E333-8FDC-42A3-9474-1A3956D46DE8}") = "Data", "Data", "{B5C5440A-80A7-474E-ABC2-EA1738025B9C}"
EndProject
Project("{2150E333-8FDC-42A3-9474-1A3956D46DE8}") = "Infrastructure", "Infrastructure", "{AD274708-6D3E-4E1D-85D0-753AF89EA0A2}"
EndProject
Project("{FAE04EC0-301F-11D3-BF4B-00C04F79EFBC}") = "IEEETalks.Common.IoC", "IEEETalks.Common.IoC\IEEETalks.Common.IoC.csproj", "{86EE48F4-824D-42DF-9101-B42668DCACFB}"
EndProject
Project("{FAE04EC0-301F-11D3-BF4B-00C04F79EFBC}") = "IEEETalks.Common.Log", "IEEETalks.Common.Log\IEEETalks.Common.Log.csproj", "{CEC55C58-C606-4478-942C-B13EA582F5A9}"
EndProject
Project("{FAE04EC0-301F-11D3-BF4B-00C04F79EFBC}") = "IEEETalks.Data", "IEEETalks.Data\IEEETalks.Data.csproj", "{403E3690-828D-4027-A4FC-121294C8983B}"
EndProject
Project("{FAE04EC0-301F-11D3-BF4B-00C04F79EFBC}") = "IEEETalks.Data.Repositories", "IEEETalks.Data.Repositories\IEEETalks.Data.Repositories.csproj", "{749F9C29-432D-4C4C-A505-D44EE75EE215}"
EndProject
Project("{FAE04EC0-301F-11D3-BF4B-00C04F79EFBC}") = "IEEETalks.Host", "IEEETalks.Host\IEEETalks.Host.csproj", "{1272B856-08A0-4290-9137-EC6DCADBAF99}"
EndProject
Global
	GlobalSection(SolutionConfigurationPlatforms) = preSolution
		Debug|Any CPU = Debug|Any CPU
		Release|Any CPU = Release|Any CPU
	EndGlobalSection
	GlobalSection(ProjectConfigurationPlatforms) = postSolution
		{C894B274-294C-4B0D-91F1-1766D7BAD8C8}.Debug|Any CPU.ActiveCfg = Debug|Any CPU
		{C894B274-294C-4B0D-91F1-1766D7BAD8C8}.Debug|Any CPU.Build.0 = Debug|Any CPU
		{C894B274-294C-4B0D-91F1-1766D7BAD8C8}.Release|Any CPU.ActiveCfg = Release|Any CPU
		{C894B274-294C-4B0D-91F1-1766D7BAD8C8}.Release|Any CPU.Build.0 = Release|Any CPU
		{86EE48F4-824D-42DF-9101-B42668DCACFB}.Debug|Any CPU.ActiveCfg = Debug|Any CPU
		{86EE48F4-824D-42DF-9101-B42668DCACFB}.Debug|Any CPU.Build.0 = Debug|Any CPU
		{86EE48F4-824D-42DF-9101-B42668DCACFB}.Release|Any CPU.ActiveCfg = Release|Any CPU
		{86EE48F4-824D-42DF-9101-B42668DCACFB}.Release|Any CPU.Build.0 = Release|Any CPU
		{CEC55C58-C606-4478-942C-B13EA582F5A9}.Debug|Any CPU.ActiveCfg = Debug|Any CPU
		{CEC55C58-C606-4478-942C-B13EA582F5A9}.Debug|Any CPU.Build.0 = Debug|Any CPU
		{CEC55C58-C606-4478-942C-B13EA582F5A9}.Release|Any CPU.ActiveCfg = Release|Any CPU
		{CEC55C58-C606-4478-942C-B13EA582F5A9}.Release|Any CPU.Build.0 = Release|Any CPU
		{403E3690-828D-4027-A4FC-121294C8983B}.Debug|Any CPU.ActiveCfg = Debug|Any CPU
		{403E3690-828D-4027-A4FC-121294C8983B}.Debug|Any CPU.Build.0 = Debug|Any CPU
		{403E3690-828D-4027-A4FC-121294C8983B}.Release|Any CPU.ActiveCfg = Release|Any CPU
		{403E3690-828D-4027-A4FC-121294C8983B}.Release|Any CPU.Build.0 = Release|Any CPU
		{749F9C29-432D-4C4C-A505-D44EE75EE215}.Debug|Any CPU.ActiveCfg = Debug|Any CPU
		{749F9C29-432D-4C4C-A505-D44EE75EE215}.Debug|Any CPU.Build.0 = Debug|Any CPU
		{749F9C29-432D-4C4C-A505-D44EE75EE215}.Release|Any CPU.ActiveCfg = Release|Any CPU
		{749F9C29-432D-4C4C-A505-D44EE75EE215}.Release|Any CPU.Build.0 = Release|Any CPU
		{1272B856-08A0-4290-9137-EC6DCADBAF99}.Debug|Any CPU.ActiveCfg = Debug|Any CPU
		{1272B856-08A0-4290-9137-EC6DCADBAF99}.Debug|Any CPU.Build.0 = Debug|Any CPU
		{1272B856-08A0-4290-9137-EC6DCADBAF99}.Release|Any CPU.ActiveCfg = Release|Any CPU
		{1272B856-08A0-4290-9137-EC6DCADBAF99}.Release|Any CPU.Build.0 = Release|Any CPU
	EndGlobalSection
	GlobalSection(SolutionProperties) = preSolution
		HideSolutionNode = FALSE
	EndGlobalSection
	GlobalSection(NestedProjects) = preSolution
		{C894B274-294C-4B0D-91F1-1766D7BAD8C8} = {FB8BAFC9-D94D-40B8-B5E5-0A5B3EA07FC7}
		{86EE48F4-824D-42DF-9101-B42668DCACFB} = {C9E3AC28-9FA6-4241-98EA-F3A7C4317D5F}
		{CEC55C58-C606-4478-942C-B13EA582F5A9} = {C9E3AC28-9FA6-4241-98EA-F3A7C4317D5F}
		{403E3690-828D-4027-A4FC-121294C8983B} = {B5C5440A-80A7-474E-ABC2-EA1738025B9C}
		{749F9C29-432D-4C4C-A505-D44EE75EE215} = {B5C5440A-80A7-474E-ABC2-EA1738025B9C}
		{1272B856-08A0-4290-9137-EC6DCADBAF99} = {FB8BAFC9-D94D-40B8-B5E5-0A5B3EA07FC7}
	EndGlobalSection
EndGlobal
